schema: '2.0'
stages:
  load_data:
    cmd: python src/stage_01_load_save.py --config=config/config.yaml
    deps:
    - path: config/config.yaml
      md5: 8457c96f0dfec962460ee7ab84e25a1e
      size: 343
    - path: src/stage_01_load_save.py
      md5: 51796d11cf8f5509ac23d133f92e94f6
      size: 1084
    - path: src/utils/all_utils.py
      md5: 1dba48d6ff709410724e267ffce6d18e
      size: 501
    outs:
    - path: artifacts/raw_local_dir/data.csv
      md5: 7d814a1bda02145efe703f4e1c01847a
      size: 93599
  split_data:
    cmd: python src/stage_02_split_save.py --config=config/config.yaml --params=params.yaml
    deps:
    - path: artifacts/raw_local_dir/data.csv
      md5: 7d814a1bda02145efe703f4e1c01847a
      size: 93599
    - path: config/config.yaml
      md5: 8457c96f0dfec962460ee7ab84e25a1e
      size: 343
    - path: src/stage_02_split_save.py
      md5: db2336249e75bf11b436596c46585187
      size: 1716
    - path: src/utils/all_utils.py
      md5: 1dba48d6ff709410724e267ffce6d18e
      size: 501
    params:
      params.yaml:
        base.random_state: 43
        base.test_size: 0.3
    outs:
    - path: artifacts/split_data_dir/test.csv
      md5: 2234775402fc50bcee60bfbfd1cfb1d5
      size: 28263
    - path: artifacts/split_data_dir/train.csv
      md5: e683c1d146b604dc7ac3a46cfcc079c4
      size: 65483
  train:
    cmd: python src/stage_03_train.py --config=config/config.yaml --params=params.yaml
    deps:
    - path: artifacts/split_data_dir/train.csv
      md5: e683c1d146b604dc7ac3a46cfcc079c4
      size: 65483
    - path: config/config.yaml
      md5: 8457c96f0dfec962460ee7ab84e25a1e
      size: 343
    - path: src/stage_03_train.py
      md5: aac30ff0f9a72074b062c612b9fb4102
      size: 1629
    - path: src/utils/all_utils.py
      md5: 1dba48d6ff709410724e267ffce6d18e
      size: 501
    params:
      params.yaml:
        base.random_state: 43
        model_params.ElasticNet.alpha: 0.5
        model_params.ElasticNet.l1_ratio: 0.5
    outs:
    - path: artifacts/model_dir/ElasticNet.model
      md5: 670ebd9e0bc2353f857cee11a4f8c744
      size: 1314
